
Microsoft Visual Studio Solution File, Format Version 12.00
# Visual Studio Version 16
VisualStudioVersion = 16.0.29424.173
MinimumVisualStudioVersion = 10.0.40219.1
Project("{FAE04EC0-301F-11D3-BF4B-00C04F79EFBC}") = "Nov5th", "Nov5th.csproj", "{6E323BAF-E0DB-4AFF-8DF8-E5A3A67851A7}"
EndProject
Global
	GlobalSection(SolutionConfigurationPlatforms) = preSolution
		Debug|Any CPU = Debug|Any CPU
		Release|Any CPU = Release|Any CPU
	EndGlobalSection
	GlobalSection(ProjectConfigurationPlatforms) = postSolution
		{6E323BAF-E0DB-4AFF-8DF8-E5A3A67851A7}.Debug|Any CPU.ActiveCfg = Debug|Any CPU
		{6E323BAF-E0DB-4AFF-8DF8-E5A3A67851A7}.Debug|Any CPU.Build.0 = Debug|Any CPU
		{6E323BAF-E0DB-4AFF-8DF8-E5A3A67851A7}.Release|Any CPU.ActiveCfg = Release|Any CPU
		{6E323BAF-E0DB-4AFF-8DF8-E5A3A67851A7}.Release|Any CPU.Build.0 = Release|Any CPU
	EndGlobalSection
	GlobalSection(SolutionProperties) = preSolution
		HideSolutionNode = FALSE
	EndGlobalSection
	GlobalSection(ExtensibilityGlobals) = postSolution
		SolutionGuid = {C57CFC15-3244-4A2F-9D12-118207C535F6}
	EndGlobalSection
EndGlobal
