
Microsoft Visual Studio Solution File, Format Version 12.00
# Visual Studio Version 16
VisualStudioVersion = 16.0.29411.138
MinimumVisualStudioVersion = 10.0.40219.1
Project("{FAE04EC0-301F-11D3-BF4B-00C04F79EFBC}") = "Oct29th", "Oct29th.csproj", "{C51FA161-BE22-4E02-B9B0-14F7A725AF1F}"
EndProject
Global
	GlobalSection(SolutionConfigurationPlatforms) = preSolution
		Debug|Any CPU = Debug|Any CPU
		Release|Any CPU = Release|Any CPU
	EndGlobalSection
	GlobalSection(ProjectConfigurationPlatforms) = postSolution
		{C51FA161-BE22-4E02-B9B0-14F7A725AF1F}.Debug|Any CPU.ActiveCfg = Debug|Any CPU
		{C51FA161-BE22-4E02-B9B0-14F7A725AF1F}.Debug|Any CPU.Build.0 = Debug|Any CPU
		{C51FA161-BE22-4E02-B9B0-14F7A725AF1F}.Release|Any CPU.ActiveCfg = Release|Any CPU
		{C51FA161-BE22-4E02-B9B0-14F7A725AF1F}.Release|Any CPU.Build.0 = Release|Any CPU
	EndGlobalSection
	GlobalSection(SolutionProperties) = preSolution
		HideSolutionNode = FALSE
	EndGlobalSection
	GlobalSection(ExtensibilityGlobals) = postSolution
		SolutionGuid = {D2FB5EC3-E419-400A-90C9-7146E7C5D2E0}
	EndGlobalSection
EndGlobal
